// !$*UTF8*$!
{
	archiveVersion = 1;
	classes = {
	};
	objectVersion = 51;
	objects = {

/* Begin PBXBuildFile section */
		177F165C241DFE681B46FA95 /* Pods_KazemaGlobal.framework in Frameworks */ = {isa = PBXBuildFile; fileRef = 5B63C0B700A5E28D97E3AEF2 /* Pods_KazemaGlobal.framework */; };
		4D1B60B5255D03210028F5D7 /* KGKleanSubDescriptionTableViewController.swift in Sources */ = {isa = PBXBuildFile; fileRef = 4D1B60B4255D03210028F5D7 /* KGKleanSubDescriptionTableViewController.swift */; };
		4D5AB7FC255D696300AC4B45 /* KGReviewViewController.swift in Sources */ = {isa = PBXBuildFile; fileRef = 4D5AB7FB255D696300AC4B45 /* KGReviewViewController.swift */; };
		4D5D8930255AB33100C9109E /* KGNotificationViewController.swift in Sources */ = {isa = PBXBuildFile; fileRef = 4D5D892F255AB33100C9109E /* KGNotificationViewController.swift */; };
		4D5D8937255ABE3100C9109E /* KGNotificationTableViewCell.swift in Sources */ = {isa = PBXBuildFile; fileRef = 4D5D8936255ABE3100C9109E /* KGNotificationTableViewCell.swift */; };
		4D5D8939255ADF9100C9109E /* KGKazemaMaintenanceServiceViewController.swift in Sources */ = {isa = PBXBuildFile; fileRef = 4D5D8938255ADF9100C9109E /* KGKazemaMaintenanceServiceViewController.swift */; };
		4D7C4812255BBF4E00C59F28 /* KGDescriptionPageViewController.swift in Sources */ = {isa = PBXBuildFile; fileRef = 4D7C4811255BBF4E00C59F28 /* KGDescriptionPageViewController.swift */; };
		4DD1C42D255502F6002FAFE7 /* AppDelegate.swift in Sources */ = {isa = PBXBuildFile; fileRef = 4DD1C42C255502F6002FAFE7 /* AppDelegate.swift */; };
		4DD1C42F255502F6002FAFE7 /* SceneDelegate.swift in Sources */ = {isa = PBXBuildFile; fileRef = 4DD1C42E255502F6002FAFE7 /* SceneDelegate.swift */; };
		4DD1C434255502F6002FAFE7 /* Main.storyboard in Resources */ = {isa = PBXBuildFile; fileRef = 4DD1C432255502F6002FAFE7 /* Main.storyboard */; };
		4DD1C437255502F6002FAFE7 /* KazemaGlobal.xcdatamodeld in Sources */ = {isa = PBXBuildFile; fileRef = 4DD1C435255502F6002FAFE7 /* KazemaGlobal.xcdatamodeld */; };
		4DD1C43C25550315002FAFE7 /* LaunchScreen.storyboard in Resources */ = {isa = PBXBuildFile; fileRef = 4DD1C43A25550315002FAFE7 /* LaunchScreen.storyboard */; };
		4DD1C44725550316002FAFE7 /* KazemaGlobalTests.swift in Sources */ = {isa = PBXBuildFile; fileRef = 4DD1C44625550316002FAFE7 /* KazemaGlobalTests.swift */; };
		4DD1C45225550316002FAFE7 /* KazemaGlobalUITests.swift in Sources */ = {isa = PBXBuildFile; fileRef = 4DD1C45125550316002FAFE7 /* KazemaGlobalUITests.swift */; };
		4DD1C46925553CDB002FAFE7 /* KGHomeCollectionViewCell.swift in Sources */ = {isa = PBXBuildFile; fileRef = 4DD1C46825553CDB002FAFE7 /* KGHomeCollectionViewCell.swift */; };
		4DD1C46B25553EE0002FAFE7 /* KGHomePageTableViewController.swift in Sources */ = {isa = PBXBuildFile; fileRef = 4DD1C46A25553EE0002FAFE7 /* KGHomePageTableViewController.swift */; };
		4DD1C46E255548BF002FAFE7 /* CustomClass.swift in Sources */ = {isa = PBXBuildFile; fileRef = 4DD1C46D255548BF002FAFE7 /* CustomClass.swift */; };
		4DD1C486255561AB002FAFE7 /* Poppins-ExtraLight.ttf in Resources */ = {isa = PBXBuildFile; fileRef = 4DD1C473255561AA002FAFE7 /* Poppins-ExtraLight.ttf */; };
		4DD1C487255561AB002FAFE7 /* Poppins-ThinItalic.ttf in Resources */ = {isa = PBXBuildFile; fileRef = 4DD1C474255561AB002FAFE7 /* Poppins-ThinItalic.ttf */; };
		4DD1C488255561AB002FAFE7 /* Poppins-ExtraLightItalic.ttf in Resources */ = {isa = PBXBuildFile; fileRef = 4DD1C475255561AB002FAFE7 /* Poppins-ExtraLightItalic.ttf */; };
		4DD1C489255561AB002FAFE7 /* Poppins-BoldItalic.ttf in Resources */ = {isa = PBXBuildFile; fileRef = 4DD1C476255561AB002FAFE7 /* Poppins-BoldItalic.ttf */; };
		4DD1C48A255561AB002FAFE7 /* Poppins-Light.ttf in Resources */ = {isa = PBXBuildFile; fileRef = 4DD1C477255561AB002FAFE7 /* Poppins-Light.ttf */; };
		4DD1C48B255561AB002FAFE7 /* Poppins-Medium.ttf in Resources */ = {isa = PBXBuildFile; fileRef = 4DD1C478255561AB002FAFE7 /* Poppins-Medium.ttf */; };
		4DD1C48C255561AB002FAFE7 /* Poppins-SemiBoldItalic.ttf in Resources */ = {isa = PBXBuildFile; fileRef = 4DD1C479255561AB002FAFE7 /* Poppins-SemiBoldItalic.ttf */; };
		4DD1C48D255561AB002FAFE7 /* Poppins-ExtraBoldItalic.ttf in Resources */ = {isa = PBXBuildFile; fileRef = 4DD1C47A255561AB002FAFE7 /* Poppins-ExtraBoldItalic.ttf */; };
		4DD1C48E255561AB002FAFE7 /* Poppins-ExtraBold.ttf in Resources */ = {isa = PBXBuildFile; fileRef = 4DD1C47B255561AB002FAFE7 /* Poppins-ExtraBold.ttf */; };
		4DD1C48F255561AB002FAFE7 /* Poppins-BlackItalic.ttf in Resources */ = {isa = PBXBuildFile; fileRef = 4DD1C47C255561AB002FAFE7 /* Poppins-BlackItalic.ttf */; };
		4DD1C490255561AB002FAFE7 /* OFL.txt in Resources */ = {isa = PBXBuildFile; fileRef = 4DD1C47D255561AB002FAFE7 /* OFL.txt */; };
		4DD1C491255561AB002FAFE7 /* Poppins-Regular.ttf in Resources */ = {isa = PBXBuildFile; fileRef = 4DD1C47E255561AB002FAFE7 /* Poppins-Regular.ttf */; };
		4DD1C492255561AB002FAFE7 /* Poppins-LightItalic.ttf in Resources */ = {isa = PBXBuildFile; fileRef = 4DD1C47F255561AB002FAFE7 /* Poppins-LightItalic.ttf */; };
		4DD1C493255561AB002FAFE7 /* Poppins-Bold.ttf in Resources */ = {isa = PBXBuildFile; fileRef = 4DD1C480255561AB002FAFE7 /* Poppins-Bold.ttf */; };
		4DD1C494255561AB002FAFE7 /* Poppins-Black.ttf in Resources */ = {isa = PBXBuildFile; fileRef = 4DD1C481255561AB002FAFE7 /* Poppins-Black.ttf */; };
		4DD1C495255561AB002FAFE7 /* Poppins-Thin.ttf in Resources */ = {isa = PBXBuildFile; fileRef = 4DD1C482255561AB002FAFE7 /* Poppins-Thin.ttf */; };
		4DD1C496255561AB002FAFE7 /* Poppins-SemiBold.ttf in Resources */ = {isa = PBXBuildFile; fileRef = 4DD1C483255561AB002FAFE7 /* Poppins-SemiBold.ttf */; };
		4DD1C497255561AB002FAFE7 /* Poppins-Italic.ttf in Resources */ = {isa = PBXBuildFile; fileRef = 4DD1C484255561AB002FAFE7 /* Poppins-Italic.ttf */; };
		4DD1C498255561AB002FAFE7 /* Poppins-MediumItalic.ttf in Resources */ = {isa = PBXBuildFile; fileRef = 4DD1C485255561AB002FAFE7 /* Poppins-MediumItalic.ttf */; };
		4DD1C49A255577EC002FAFE7 /* Extensions.swift in Sources */ = {isa = PBXBuildFile; fileRef = 4DD1C499255577EC002FAFE7 /* Extensions.swift */; };
		4DD1C49C25559190002FAFE7 /* ColumnFlowLayout.swift in Sources */ = {isa = PBXBuildFile; fileRef = 4DD1C49B25559190002FAFE7 /* ColumnFlowLayout.swift */; };
		4DD67D952558FF8700E0F2E5 /* KGHomeNavigationViewController.swift in Sources */ = {isa = PBXBuildFile; fileRef = 4DD67D942558FF8700E0F2E5 /* KGHomeNavigationViewController.swift */; };
		4DD67D9A2559019000E0F2E5 /* KGSideMenuTableViewController.swift in Sources */ = {isa = PBXBuildFile; fileRef = 4DD67D992559019000E0F2E5 /* KGSideMenuTableViewController.swift */; };
		4DD67D9C2559809000E0F2E5 /* KGUpgradeProfileViewController.swift in Sources */ = {isa = PBXBuildFile; fileRef = 4DD67D9B2559809000E0F2E5 /* KGUpgradeProfileViewController.swift */; };
		4DE36E18255A543600C74A52 /* KGCleaningServiceViewController.swift in Sources */ = {isa = PBXBuildFile; fileRef = 4DE36E17255A543600C74A52 /* KGCleaningServiceViewController.swift */; };
		4DE36E1A255A77D900C74A52 /* Assets.xcassets in Resources */ = {isa = PBXBuildFile; fileRef = 4DE36E19255A77D900C74A52 /* Assets.xcassets */; };
		4DEB0B2325628618007A5E88 /* ServiceManager.swift in Sources */ = {isa = PBXBuildFile; fileRef = 4DEB0B2225628618007A5E88 /* ServiceManager.swift */; };
		4DEB0B282562881E007A5E88 /* Constants.swift in Sources */ = {isa = PBXBuildFile; fileRef = 4DEB0B272562881E007A5E88 /* Constants.swift */; };
		4DEB0B2A256288F8007A5E88 /* ApiService.swift in Sources */ = {isa = PBXBuildFile; fileRef = 4DEB0B29256288F8007A5E88 /* ApiService.swift */; };
		4DEB0B2C256290C4007A5E88 /* GoogleService-Info.plist in Resources */ = {isa = PBXBuildFile; fileRef = 4DEB0B2B256290C4007A5E88 /* GoogleService-Info.plist */; };
		4DEB0B302562BE7B007A5E88 /* SendEnquiresBase.swift in Sources */ = {isa = PBXBuildFile; fileRef = 4DEB0B2F2562BE7B007A5E88 /* SendEnquiresBase.swift */; };
		4DEB0B322562DA9F007A5E88 /* KGPhoneNumberViewController.swift in Sources */ = {isa = PBXBuildFile; fileRef = 4DEB0B312562DA9F007A5E88 /* KGPhoneNumberViewController.swift */; };
		4DFB50B4255C2AB900A8273D /* KGSubDescriptionViewController.swift in Sources */ = {isa = PBXBuildFile; fileRef = 4DFB50B3255C2AB900A8273D /* KGSubDescriptionViewController.swift */; };
		4DFB50B6255C42E400A8273D /* KGEnquiryFormViewController.swift in Sources */ = {isa = PBXBuildFile; fileRef = 4DFB50B5255C42E400A8273D /* KGEnquiryFormViewController.swift */; };
		5E7DB278C568931A2258158F /* Pods_KazemaGlobalTests.framework in Frameworks */ = {isa = PBXBuildFile; fileRef = B236FB147F3D000C98543F44 /* Pods_KazemaGlobalTests.framework */; };
		F3FF8AAFDED75B5997C1FB4F /* Pods_KazemaGlobalUITests.framework in Frameworks */ = {isa = PBXBuildFile; fileRef = B9C57B2D6E24456613E7D470 /* Pods_KazemaGlobalUITests.framework */; };
/* End PBXBuildFile section */

/* Begin PBXContainerItemProxy section */
		4DD1C44325550316002FAFE7 /* PBXContainerItemProxy */ = {
			isa = PBXContainerItemProxy;
			containerPortal = 4DD1C421255502F5002FAFE7 /* Project object */;
			proxyType = 1;
			remoteGlobalIDString = 4DD1C428255502F6002FAFE7;
			remoteInfo = KazemaGlobal;
		};
		4DD1C44E25550316002FAFE7 /* PBXContainerItemProxy */ = {
			isa = PBXContainerItemProxy;
			containerPortal = 4DD1C421255502F5002FAFE7 /* Project object */;
			proxyType = 1;
			remoteGlobalIDString = 4DD1C428255502F6002FAFE7;
			remoteInfo = KazemaGlobal;
		};
/* End PBXContainerItemProxy section */

/* Begin PBXFileReference section */
		04B973EA098B03BDA9594C47 /* Pods-KazemaGlobal.release.xcconfig */ = {isa = PBXFileReference; includeInIndex = 1; lastKnownFileType = text.xcconfig; name = "Pods-KazemaGlobal.release.xcconfig"; path = "Target Support Files/Pods-KazemaGlobal/Pods-KazemaGlobal.release.xcconfig"; sourceTree = "<group>"; };
		08EE72FA6B528A2FF249ED05 /* Pods-KazemaGlobalTests.debug.xcconfig */ = {isa = PBXFileReference; includeInIndex = 1; lastKnownFileType = text.xcconfig; name = "Pods-KazemaGlobalTests.debug.xcconfig"; path = "Target Support Files/Pods-KazemaGlobalTests/Pods-KazemaGlobalTests.debug.xcconfig"; sourceTree = "<group>"; };
		3C05883E86AA45ACF51A969A /* Pods-KazemaGlobalUITests.debug.xcconfig */ = {isa = PBXFileReference; includeInIndex = 1; lastKnownFileType = text.xcconfig; name = "Pods-KazemaGlobalUITests.debug.xcconfig"; path = "Target Support Files/Pods-KazemaGlobalUITests/Pods-KazemaGlobalUITests.debug.xcconfig"; sourceTree = "<group>"; };
		4D1B60B4255D03210028F5D7 /* KGKleanSubDescriptionTableViewController.swift */ = {isa = PBXFileReference; lastKnownFileType = sourcecode.swift; path = KGKleanSubDescriptionTableViewController.swift; sourceTree = "<group>"; };
		4D5AB7FB255D696300AC4B45 /* KGReviewViewController.swift */ = {isa = PBXFileReference; lastKnownFileType = sourcecode.swift; path = KGReviewViewController.swift; sourceTree = "<group>"; };
		4D5D892F255AB33100C9109E /* KGNotificationViewController.swift */ = {isa = PBXFileReference; lastKnownFileType = sourcecode.swift; path = KGNotificationViewController.swift; sourceTree = "<group>"; };
		4D5D8936255ABE3100C9109E /* KGNotificationTableViewCell.swift */ = {isa = PBXFileReference; lastKnownFileType = sourcecode.swift; path = KGNotificationTableViewCell.swift; sourceTree = "<group>"; };
		4D5D8938255ADF9100C9109E /* KGKazemaMaintenanceServiceViewController.swift */ = {isa = PBXFileReference; lastKnownFileType = sourcecode.swift; path = KGKazemaMaintenanceServiceViewController.swift; sourceTree = "<group>"; };
		4D7C4811255BBF4E00C59F28 /* KGDescriptionPageViewController.swift */ = {isa = PBXFileReference; lastKnownFileType = sourcecode.swift; path = KGDescriptionPageViewController.swift; sourceTree = "<group>"; };
		4DD1C429255502F6002FAFE7 /* KazemaGlobal.app */ = {isa = PBXFileReference; explicitFileType = wrapper.application; includeInIndex = 0; path = KazemaGlobal.app; sourceTree = BUILT_PRODUCTS_DIR; };
		4DD1C42C255502F6002FAFE7 /* AppDelegate.swift */ = {isa = PBXFileReference; lastKnownFileType = sourcecode.swift; path = AppDelegate.swift; sourceTree = "<group>"; };
		4DD1C42E255502F6002FAFE7 /* SceneDelegate.swift */ = {isa = PBXFileReference; lastKnownFileType = sourcecode.swift; path = SceneDelegate.swift; sourceTree = "<group>"; };
		4DD1C433255502F6002FAFE7 /* Base */ = {isa = PBXFileReference; lastKnownFileType = file.storyboard; name = Base; path = Base.lproj/Main.storyboard; sourceTree = "<group>"; };
		4DD1C436255502F6002FAFE7 /* KazemaGlobal.xcdatamodel */ = {isa = PBXFileReference; lastKnownFileType = wrapper.xcdatamodel; path = KazemaGlobal.xcdatamodel; sourceTree = "<group>"; };
		4DD1C43B25550315002FAFE7 /* Base */ = {isa = PBXFileReference; lastKnownFileType = file.storyboard; name = Base; path = Base.lproj/LaunchScreen.storyboard; sourceTree = "<group>"; };
		4DD1C43D25550315002FAFE7 /* Info.plist */ = {isa = PBXFileReference; lastKnownFileType = text.plist.xml; path = Info.plist; sourceTree = "<group>"; };
		4DD1C44225550316002FAFE7 /* KazemaGlobalTests.xctest */ = {isa = PBXFileReference; explicitFileType = wrapper.cfbundle; includeInIndex = 0; path = KazemaGlobalTests.xctest; sourceTree = BUILT_PRODUCTS_DIR; };
		4DD1C44625550316002FAFE7 /* KazemaGlobalTests.swift */ = {isa = PBXFileReference; lastKnownFileType = sourcecode.swift; path = KazemaGlobalTests.swift; sourceTree = "<group>"; };
		4DD1C44825550316002FAFE7 /* Info.plist */ = {isa = PBXFileReference; lastKnownFileType = text.plist.xml; path = Info.plist; sourceTree = "<group>"; };
		4DD1C44D25550316002FAFE7 /* KazemaGlobalUITests.xctest */ = {isa = PBXFileReference; explicitFileType = wrapper.cfbundle; includeInIndex = 0; path = KazemaGlobalUITests.xctest; sourceTree = BUILT_PRODUCTS_DIR; };
		4DD1C45125550316002FAFE7 /* KazemaGlobalUITests.swift */ = {isa = PBXFileReference; lastKnownFileType = sourcecode.swift; path = KazemaGlobalUITests.swift; sourceTree = "<group>"; };
		4DD1C45325550316002FAFE7 /* Info.plist */ = {isa = PBXFileReference; lastKnownFileType = text.plist.xml; path = Info.plist; sourceTree = "<group>"; };
		4DD1C46825553CDB002FAFE7 /* KGHomeCollectionViewCell.swift */ = {isa = PBXFileReference; lastKnownFileType = sourcecode.swift; path = KGHomeCollectionViewCell.swift; sourceTree = "<group>"; };
		4DD1C46A25553EE0002FAFE7 /* KGHomePageTableViewController.swift */ = {isa = PBXFileReference; lastKnownFileType = sourcecode.swift; path = KGHomePageTableViewController.swift; sourceTree = "<group>"; };
		4DD1C46D255548BF002FAFE7 /* CustomClass.swift */ = {isa = PBXFileReference; lastKnownFileType = sourcecode.swift; path = CustomClass.swift; sourceTree = "<group>"; };
		4DD1C473255561AA002FAFE7 /* Poppins-ExtraLight.ttf */ = {isa = PBXFileReference; lastKnownFileType = file; path = "Poppins-ExtraLight.ttf"; sourceTree = "<group>"; };
		4DD1C474255561AB002FAFE7 /* Poppins-ThinItalic.ttf */ = {isa = PBXFileReference; lastKnownFileType = file; path = "Poppins-ThinItalic.ttf"; sourceTree = "<group>"; };
		4DD1C475255561AB002FAFE7 /* Poppins-ExtraLightItalic.ttf */ = {isa = PBXFileReference; lastKnownFileType = file; path = "Poppins-ExtraLightItalic.ttf"; sourceTree = "<group>"; };
		4DD1C476255561AB002FAFE7 /* Poppins-BoldItalic.ttf */ = {isa = PBXFileReference; lastKnownFileType = file; path = "Poppins-BoldItalic.ttf"; sourceTree = "<group>"; };
		4DD1C477255561AB002FAFE7 /* Poppins-Light.ttf */ = {isa = PBXFileReference; lastKnownFileType = file; path = "Poppins-Light.ttf"; sourceTree = "<group>"; };
		4DD1C478255561AB002FAFE7 /* Poppins-Medium.ttf */ = {isa = PBXFileReference; lastKnownFileType = file; path = "Poppins-Medium.ttf"; sourceTree = "<group>"; };
		4DD1C479255561AB002FAFE7 /* Poppins-SemiBoldItalic.ttf */ = {isa = PBXFileReference; lastKnownFileType = file; path = "Poppins-SemiBoldItalic.ttf"; sourceTree = "<group>"; };
		4DD1C47A255561AB002FAFE7 /* Poppins-ExtraBoldItalic.ttf */ = {isa = PBXFileReference; lastKnownFileType = file; path = "Poppins-ExtraBoldItalic.ttf"; sourceTree = "<group>"; };
		4DD1C47B255561AB002FAFE7 /* Poppins-ExtraBold.ttf */ = {isa = PBXFileReference; lastKnownFileType = file; path = "Poppins-ExtraBold.ttf"; sourceTree = "<group>"; };
		4DD1C47C255561AB002FAFE7 /* Poppins-BlackItalic.ttf */ = {isa = PBXFileReference; lastKnownFileType = file; path = "Poppins-BlackItalic.ttf"; sourceTree = "<group>"; };
		4DD1C47D255561AB002FAFE7 /* OFL.txt */ = {isa = PBXFileReference; fileEncoding = 4; lastKnownFileType = text; path = OFL.txt; sourceTree = "<group>"; };
		4DD1C47E255561AB002FAFE7 /* Poppins-Regular.ttf */ = {isa = PBXFileReference; lastKnownFileType = file; path = "Poppins-Regular.ttf"; sourceTree = "<group>"; };
		4DD1C47F255561AB002FAFE7 /* Poppins-LightItalic.ttf */ = {isa = PBXFileReference; lastKnownFileType = file; path = "Poppins-LightItalic.ttf"; sourceTree = "<group>"; };
		4DD1C480255561AB002FAFE7 /* Poppins-Bold.ttf */ = {isa = PBXFileReference; lastKnownFileType = file; path = "Poppins-Bold.ttf"; sourceTree = "<group>"; };
		4DD1C481255561AB002FAFE7 /* Poppins-Black.ttf */ = {isa = PBXFileReference; lastKnownFileType = file; path = "Poppins-Black.ttf"; sourceTree = "<group>"; };
		4DD1C482255561AB002FAFE7 /* Poppins-Thin.ttf */ = {isa = PBXFileReference; lastKnownFileType = file; path = "Poppins-Thin.ttf"; sourceTree = "<group>"; };
		4DD1C483255561AB002FAFE7 /* Poppins-SemiBold.ttf */ = {isa = PBXFileReference; lastKnownFileType = file; path = "Poppins-SemiBold.ttf"; sourceTree = "<group>"; };
		4DD1C484255561AB002FAFE7 /* Poppins-Italic.ttf */ = {isa = PBXFileReference; lastKnownFileType = file; path = "Poppins-Italic.ttf"; sourceTree = "<group>"; };
		4DD1C485255561AB002FAFE7 /* Poppins-MediumItalic.ttf */ = {isa = PBXFileReference; lastKnownFileType = file; path = "Poppins-MediumItalic.ttf"; sourceTree = "<group>"; };
		4DD1C499255577EC002FAFE7 /* Extensions.swift */ = {isa = PBXFileReference; lastKnownFileType = sourcecode.swift; path = Extensions.swift; sourceTree = "<group>"; };
		4DD1C49B25559190002FAFE7 /* ColumnFlowLayout.swift */ = {isa = PBXFileReference; fileEncoding = 4; lastKnownFileType = sourcecode.swift; path = ColumnFlowLayout.swift; sourceTree = "<group>"; };
		4DD67D942558FF8700E0F2E5 /* KGHomeNavigationViewController.swift */ = {isa = PBXFileReference; lastKnownFileType = sourcecode.swift; path = KGHomeNavigationViewController.swift; sourceTree = "<group>"; };
		4DD67D992559019000E0F2E5 /* KGSideMenuTableViewController.swift */ = {isa = PBXFileReference; lastKnownFileType = sourcecode.swift; path = KGSideMenuTableViewController.swift; sourceTree = "<group>"; };
		4DD67D9B2559809000E0F2E5 /* KGUpgradeProfileViewController.swift */ = {isa = PBXFileReference; lastKnownFileType = sourcecode.swift; path = KGUpgradeProfileViewController.swift; sourceTree = "<group>"; };
		4DE36E17255A543600C74A52 /* KGCleaningServiceViewController.swift */ = {isa = PBXFileReference; lastKnownFileType = sourcecode.swift; path = KGCleaningServiceViewController.swift; sourceTree = "<group>"; };
		4DE36E19255A77D900C74A52 /* Assets.xcassets */ = {isa = PBXFileReference; lastKnownFileType = folder.assetcatalog; path = Assets.xcassets; sourceTree = "<group>"; };
		4DEB0B2225628618007A5E88 /* ServiceManager.swift */ = {isa = PBXFileReference; lastKnownFileType = sourcecode.swift; path = ServiceManager.swift; sourceTree = "<group>"; };
		4DEB0B272562881E007A5E88 /* Constants.swift */ = {isa = PBXFileReference; lastKnownFileType = sourcecode.swift; path = Constants.swift; sourceTree = "<group>"; };
		4DEB0B29256288F8007A5E88 /* ApiService.swift */ = {isa = PBXFileReference; lastKnownFileType = sourcecode.swift; path = ApiService.swift; sourceTree = "<group>"; };
		4DEB0B2B256290C4007A5E88 /* GoogleService-Info.plist */ = {isa = PBXFileReference; fileEncoding = 4; lastKnownFileType = text.plist.xml; name = "GoogleService-Info.plist"; path = "../../../../../Downloads/GoogleService-Info.plist"; sourceTree = "<group>"; };
		4DEB0B2D25629BD9007A5E88 /* KazemaGlobal.entitlements */ = {isa = PBXFileReference; lastKnownFileType = text.plist.entitlements; path = KazemaGlobal.entitlements; sourceTree = "<group>"; };
		4DEB0B2F2562BE7B007A5E88 /* SendEnquiresBase.swift */ = {isa = PBXFileReference; fileEncoding = 4; lastKnownFileType = sourcecode.swift; name = SendEnquiresBase.swift; path = ../../../../../../Downloads/codegen_5fb2787bc9e43/SendEnquiresBase.swift; sourceTree = "<group>"; };
		4DEB0B312562DA9F007A5E88 /* KGPhoneNumberViewController.swift */ = {isa = PBXFileReference; lastKnownFileType = sourcecode.swift; path = KGPhoneNumberViewController.swift; sourceTree = "<group>"; };
		4DFB50B3255C2AB900A8273D /* KGSubDescriptionViewController.swift */ = {isa = PBXFileReference; lastKnownFileType = sourcecode.swift; path = KGSubDescriptionViewController.swift; sourceTree = "<group>"; };
		4DFB50B5255C42E400A8273D /* KGEnquiryFormViewController.swift */ = {isa = PBXFileReference; lastKnownFileType = sourcecode.swift; path = KGEnquiryFormViewController.swift; sourceTree = "<group>"; };
		5B63C0B700A5E28D97E3AEF2 /* Pods_KazemaGlobal.framework */ = {isa = PBXFileReference; explicitFileType = wrapper.framework; includeInIndex = 0; path = Pods_KazemaGlobal.framework; sourceTree = BUILT_PRODUCTS_DIR; };
		723B408E86FAC3900D4BC307 /* Pods-KazemaGlobalUITests.release.xcconfig */ = {isa = PBXFileReference; includeInIndex = 1; lastKnownFileType = text.xcconfig; name = "Pods-KazemaGlobalUITests.release.xcconfig"; path = "Target Support Files/Pods-KazemaGlobalUITests/Pods-KazemaGlobalUITests.release.xcconfig"; sourceTree = "<group>"; };
		980FA176FAC009924FE0C144 /* Pods-KazemaGlobal.debug.xcconfig */ = {isa = PBXFileReference; includeInIndex = 1; lastKnownFileType = text.xcconfig; name = "Pods-KazemaGlobal.debug.xcconfig"; path = "Target Support Files/Pods-KazemaGlobal/Pods-KazemaGlobal.debug.xcconfig"; sourceTree = "<group>"; };
		B236FB147F3D000C98543F44 /* Pods_KazemaGlobalTests.framework */ = {isa = PBXFileReference; explicitFileType = wrapper.framework; includeInIndex = 0; path = Pods_KazemaGlobalTests.framework; sourceTree = BUILT_PRODUCTS_DIR; };
		B9C57B2D6E24456613E7D470 /* Pods_KazemaGlobalUITests.framework */ = {isa = PBXFileReference; explicitFileType = wrapper.framework; includeInIndex = 0; path = Pods_KazemaGlobalUITests.framework; sourceTree = BUILT_PRODUCTS_DIR; };
		EA949D0AFDCDF3F7D835820C /* Pods-KazemaGlobalTests.release.xcconfig */ = {isa = PBXFileReference; includeInIndex = 1; lastKnownFileType = text.xcconfig; name = "Pods-KazemaGlobalTests.release.xcconfig"; path = "Target Support Files/Pods-KazemaGlobalTests/Pods-KazemaGlobalTests.release.xcconfig"; sourceTree = "<group>"; };
/* End PBXFileReference section */

/* Begin PBXFrameworksBuildPhase section */
		4DD1C426255502F6002FAFE7 /* Frameworks */ = {
			isa = PBXFrameworksBuildPhase;
			buildActionMask = 2147483647;
			files = (
				177F165C241DFE681B46FA95 /* Pods_KazemaGlobal.framework in Frameworks */,
			);
			runOnlyForDeploymentPostprocessing = 0;
		};
		4DD1C43F25550316002FAFE7 /* Frameworks */ = {
			isa = PBXFrameworksBuildPhase;
			buildActionMask = 2147483647;
			files = (
				5E7DB278C568931A2258158F /* Pods_KazemaGlobalTests.framework in Frameworks */,
			);
			runOnlyForDeploymentPostprocessing = 0;
		};
		4DD1C44A25550316002FAFE7 /* Frameworks */ = {
			isa = PBXFrameworksBuildPhase;
			buildActionMask = 2147483647;
			files = (
				F3FF8AAFDED75B5997C1FB4F /* Pods_KazemaGlobalUITests.framework in Frameworks */,
			);
			runOnlyForDeploymentPostprocessing = 0;
		};
/* End PBXFrameworksBuildPhase section */

/* Begin PBXGroup section */
		360B532D4983934FDF61095F /* Frameworks */ = {
			isa = PBXGroup;
			children = (
				5B63C0B700A5E28D97E3AEF2 /* Pods_KazemaGlobal.framework */,
				B236FB147F3D000C98543F44 /* Pods_KazemaGlobalTests.framework */,
				B9C57B2D6E24456613E7D470 /* Pods_KazemaGlobalUITests.framework */,
			);
			name = Frameworks;
			sourceTree = "<group>";
		};
		4D5D8935255AB59100C9109E /* TableviewCell */ = {
			isa = PBXGroup;
			children = (
				4D5D8936255ABE3100C9109E /* KGNotificationTableViewCell.swift */,
			);
			path = TableviewCell;
			sourceTree = "<group>";
		};
		4D7C4810255BBF1A00C59F28 /* HomePage */ = {
			isa = PBXGroup;
			children = (
				4DD1C46A25553EE0002FAFE7 /* KGHomePageTableViewController.swift */,
				4D7C4811255BBF4E00C59F28 /* KGDescriptionPageViewController.swift */,
				4DFB50B3255C2AB900A8273D /* KGSubDescriptionViewController.swift */,
				4DFB50B5255C42E400A8273D /* KGEnquiryFormViewController.swift */,
				4D1B60B4255D03210028F5D7 /* KGKleanSubDescriptionTableViewController.swift */,
				4D5AB7FB255D696300AC4B45 /* KGReviewViewController.swift */,
				4DEB0B312562DA9F007A5E88 /* KGPhoneNumberViewController.swift */,
			);
			path = HomePage;
			sourceTree = "<group>";
		};
		4DD1C420255502F5002FAFE7 = {
			isa = PBXGroup;
			children = (
				4DD1C42B255502F6002FAFE7 /* KazemaGlobal */,
				4DD1C44525550316002FAFE7 /* KazemaGlobalTests */,
				4DD1C45025550316002FAFE7 /* KazemaGlobalUITests */,
				4DD1C42A255502F6002FAFE7 /* Products */,
				C91AC09A829166CE00399E35 /* Pods */,
				360B532D4983934FDF61095F /* Frameworks */,
			);
			sourceTree = "<group>";
		};
		4DD1C42A255502F6002FAFE7 /* Products */ = {
			isa = PBXGroup;
			children = (
				4DD1C429255502F6002FAFE7 /* KazemaGlobal.app */,
				4DD1C44225550316002FAFE7 /* KazemaGlobalTests.xctest */,
				4DD1C44D25550316002FAFE7 /* KazemaGlobalUITests.xctest */,
			);
			name = Products;
			sourceTree = "<group>";
		};
		4DD1C42B255502F6002FAFE7 /* KazemaGlobal */ = {
			isa = PBXGroup;
			children = (
				4DEB0B2D25629BD9007A5E88 /* KazemaGlobal.entitlements */,
				4DD1C462255537FF002FAFE7 /* MVC */,
				4DD1C4612555170D002FAFE7 /* ImageAssets */,
				4DD1C460255516F5002FAFE7 /* LaunchScreen */,
				4DD1C45F255516E2002FAFE7 /* AppDelegate */,
				4DD1C43D25550315002FAFE7 /* Info.plist */,
				4DD1C435255502F6002FAFE7 /* KazemaGlobal.xcdatamodeld */,
			);
			path = KazemaGlobal;
			sourceTree = "<group>";
		};
		4DD1C44525550316002FAFE7 /* KazemaGlobalTests */ = {
			isa = PBXGroup;
			children = (
				4DD1C44625550316002FAFE7 /* KazemaGlobalTests.swift */,
				4DD1C44825550316002FAFE7 /* Info.plist */,
			);
			path = KazemaGlobalTests;
			sourceTree = "<group>";
		};
		4DD1C45025550316002FAFE7 /* KazemaGlobalUITests */ = {
			isa = PBXGroup;
			children = (
				4DD1C45125550316002FAFE7 /* KazemaGlobalUITests.swift */,
				4DD1C45325550316002FAFE7 /* Info.plist */,
			);
			path = KazemaGlobalUITests;
			sourceTree = "<group>";
		};
		4DD1C45F255516E2002FAFE7 /* AppDelegate */ = {
			isa = PBXGroup;
			children = (
				4DD1C42E255502F6002FAFE7 /* SceneDelegate.swift */,
				4DD1C42C255502F6002FAFE7 /* AppDelegate.swift */,
			);
			path = AppDelegate;
			sourceTree = "<group>";
		};
		4DD1C460255516F5002FAFE7 /* LaunchScreen */ = {
			isa = PBXGroup;
			children = (
				4DD1C43A25550315002FAFE7 /* LaunchScreen.storyboard */,
			);
			path = LaunchScreen;
			sourceTree = "<group>";
		};
		4DD1C4612555170D002FAFE7 /* ImageAssets */ = {
			isa = PBXGroup;
			children = (
				4DE36E19255A77D900C74A52 /* Assets.xcassets */,
			);
			path = ImageAssets;
			sourceTree = "<group>";
		};
		4DD1C462255537FF002FAFE7 /* MVC */ = {
			isa = PBXGroup;
			children = (
				4DEB0B2E2562BDB6007A5E88 /* Model */,
				4DEB0B2B256290C4007A5E88 /* GoogleService-Info.plist */,
				4DEB0B242562861D007A5E88 /* ServiceManager */,
				4DD1C47125556182002FAFE7 /* Supporting Files */,
				4DD1C46C25554832002FAFE7 /* CustomClass */,
				4DD1C4642555382D002FAFE7 /* Controller */,
				4DD1C46325553819002FAFE7 /* View */,
			);
			path = MVC;
			sourceTree = "<group>";
		};
		4DD1C46325553819002FAFE7 /* View */ = {
			isa = PBXGroup;
			children = (
				4DD1C432255502F6002FAFE7 /* Main.storyboard */,
				4D5D8935255AB59100C9109E /* TableviewCell */,
				4DD1C46725553C9E002FAFE7 /* CollectionViewCell */,
			);
			path = View;
			sourceTree = "<group>";
		};
		4DD1C4642555382D002FAFE7 /* Controller */ = {
			isa = PBXGroup;
			children = (
				4D7C4810255BBF1A00C59F28 /* HomePage */,
				4DD67D982559013F00E0F2E5 /* SideMenuControllers */,
				4DD67D962559011E00E0F2E5 /* NavigationController */,
			);
			path = Controller;
			sourceTree = "<group>";
		};
		4DD1C46725553C9E002FAFE7 /* CollectionViewCell */ = {
			isa = PBXGroup;
			children = (
				4DD1C46825553CDB002FAFE7 /* KGHomeCollectionViewCell.swift */,
			);
			path = CollectionViewCell;
			sourceTree = "<group>";
		};
		4DD1C46C25554832002FAFE7 /* CustomClass */ = {
			isa = PBXGroup;
			children = (
				4DD1C46D255548BF002FAFE7 /* CustomClass.swift */,
			);
			path = CustomClass;
			sourceTree = "<group>";
		};
		4DD1C47125556182002FAFE7 /* Supporting Files */ = {
			isa = PBXGroup;
			children = (
				4DEB0B29256288F8007A5E88 /* ApiService.swift */,
				4DEB0B272562881E007A5E88 /* Constants.swift */,
				4DD1C499255577EC002FAFE7 /* Extensions.swift */,
				4DD1C49B25559190002FAFE7 /* ColumnFlowLayout.swift */,
				4DD1C472255561AA002FAFE7 /* Poppins */,
			);
			path = "Supporting Files";
			sourceTree = "<group>";
		};
		4DD1C472255561AA002FAFE7 /* Poppins */ = {
			isa = PBXGroup;
			children = (
				4DD1C473255561AA002FAFE7 /* Poppins-ExtraLight.ttf */,
				4DD1C474255561AB002FAFE7 /* Poppins-ThinItalic.ttf */,
				4DD1C475255561AB002FAFE7 /* Poppins-ExtraLightItalic.ttf */,
				4DD1C476255561AB002FAFE7 /* Poppins-BoldItalic.ttf */,
				4DD1C477255561AB002FAFE7 /* Poppins-Light.ttf */,
				4DD1C478255561AB002FAFE7 /* Poppins-Medium.ttf */,
				4DD1C479255561AB002FAFE7 /* Poppins-SemiBoldItalic.ttf */,
				4DD1C47A255561AB002FAFE7 /* Poppins-ExtraBoldItalic.ttf */,
				4DD1C47B255561AB002FAFE7 /* Poppins-ExtraBold.ttf */,
				4DD1C47C255561AB002FAFE7 /* Poppins-BlackItalic.ttf */,
				4DD1C47D255561AB002FAFE7 /* OFL.txt */,
				4DD1C47E255561AB002FAFE7 /* Poppins-Regular.ttf */,
				4DD1C47F255561AB002FAFE7 /* Poppins-LightItalic.ttf */,
				4DD1C480255561AB002FAFE7 /* Poppins-Bold.ttf */,
				4DD1C481255561AB002FAFE7 /* Poppins-Black.ttf */,
				4DD1C482255561AB002FAFE7 /* Poppins-Thin.ttf */,
				4DD1C483255561AB002FAFE7 /* Poppins-SemiBold.ttf */,
				4DD1C484255561AB002FAFE7 /* Poppins-Italic.ttf */,
				4DD1C485255561AB002FAFE7 /* Poppins-MediumItalic.ttf */,
			);
			path = Poppins;
			sourceTree = "<group>";
		};
		4DD67D962559011E00E0F2E5 /* NavigationController */ = {
			isa = PBXGroup;
			children = (
				4DD67D942558FF8700E0F2E5 /* KGHomeNavigationViewController.swift */,
			);
			path = NavigationController;
			sourceTree = "<group>";
		};
		4DD67D982559013F00E0F2E5 /* SideMenuControllers */ = {
			isa = PBXGroup;
			children = (
				4DD67D992559019000E0F2E5 /* KGSideMenuTableViewController.swift */,
				4DD67D9B2559809000E0F2E5 /* KGUpgradeProfileViewController.swift */,
				4DE36E17255A543600C74A52 /* KGCleaningServiceViewController.swift */,
				4D5D892F255AB33100C9109E /* KGNotificationViewController.swift */,
				4D5D8938255ADF9100C9109E /* KGKazemaMaintenanceServiceViewController.swift */,
			);
			path = SideMenuControllers;
			sourceTree = "<group>";
		};
		4DEB0B242562861D007A5E88 /* ServiceManager */ = {
			isa = PBXGroup;
			children = (
				4DEB0B2225628618007A5E88 /* ServiceManager.swift */,
			);
			path = ServiceManager;
			sourceTree = "<group>";
		};
		4DEB0B2E2562BDB6007A5E88 /* Model */ = {
			isa = PBXGroup;
			children = (
				4DEB0B2F2562BE7B007A5E88 /* SendEnquiresBase.swift */,
			);
			name = Model;
			path = "New Group";
			sourceTree = "<group>";
		};
		C91AC09A829166CE00399E35 /* Pods */ = {
			isa = PBXGroup;
			children = (
				980FA176FAC009924FE0C144 /* Pods-KazemaGlobal.debug.xcconfig */,
				04B973EA098B03BDA9594C47 /* Pods-KazemaGlobal.release.xcconfig */,
				08EE72FA6B528A2FF249ED05 /* Pods-KazemaGlobalTests.debug.xcconfig */,
				EA949D0AFDCDF3F7D835820C /* Pods-KazemaGlobalTests.release.xcconfig */,
				3C05883E86AA45ACF51A969A /* Pods-KazemaGlobalUITests.debug.xcconfig */,
				723B408E86FAC3900D4BC307 /* Pods-KazemaGlobalUITests.release.xcconfig */,
			);
			path = Pods;
			sourceTree = "<group>";
		};
/* End PBXGroup section */

/* Begin PBXNativeTarget section */
		4DD1C428255502F6002FAFE7 /* KazemaGlobal */ = {
			isa = PBXNativeTarget;
			buildConfigurationList = 4DD1C45625550316002FAFE7 /* Build configuration list for PBXNativeTarget "KazemaGlobal" */;
			buildPhases = (
				EB2D3222D306F28B0438C20C /* [CP] Check Pods Manifest.lock */,
				4DD1C425255502F6002FAFE7 /* Sources */,
				4DD1C426255502F6002FAFE7 /* Frameworks */,
				4DD1C427255502F6002FAFE7 /* Resources */,
				B47BF35E23A34C37EEAC932B /* [CP] Embed Pods Frameworks */,
			);
			buildRules = (
			);
			dependencies = (
			);
			name = KazemaGlobal;
			productName = KazemaGlobal;
			productReference = 4DD1C429255502F6002FAFE7 /* KazemaGlobal.app */;
			productType = "com.apple.product-type.application";
		};
		4DD1C44125550316002FAFE7 /* KazemaGlobalTests */ = {
			isa = PBXNativeTarget;
			buildConfigurationList = 4DD1C45925550316002FAFE7 /* Build configuration list for PBXNativeTarget "KazemaGlobalTests" */;
			buildPhases = (
				F5910C809BA7278A2CA3FDB7 /* [CP] Check Pods Manifest.lock */,
				4DD1C43E25550316002FAFE7 /* Sources */,
				4DD1C43F25550316002FAFE7 /* Frameworks */,
				4DD1C44025550316002FAFE7 /* Resources */,
			);
			buildRules = (
			);
			dependencies = (
				4DD1C44425550316002FAFE7 /* PBXTargetDependency */,
			);
			name = KazemaGlobalTests;
			productName = KazemaGlobalTests;
			productReference = 4DD1C44225550316002FAFE7 /* KazemaGlobalTests.xctest */;
			productType = "com.apple.product-type.bundle.unit-test";
		};
		4DD1C44C25550316002FAFE7 /* KazemaGlobalUITests */ = {
			isa = PBXNativeTarget;
			buildConfigurationList = 4DD1C45C25550316002FAFE7 /* Build configuration list for PBXNativeTarget "KazemaGlobalUITests" */;
			buildPhases = (
				3FB72CD43DB3DFB2682DCFE4 /* [CP] Check Pods Manifest.lock */,
				4DD1C44925550316002FAFE7 /* Sources */,
				4DD1C44A25550316002FAFE7 /* Frameworks */,
				4DD1C44B25550316002FAFE7 /* Resources */,
			);
			buildRules = (
			);
			dependencies = (
				4DD1C44F25550316002FAFE7 /* PBXTargetDependency */,
			);
			name = KazemaGlobalUITests;
			productName = KazemaGlobalUITests;
			productReference = 4DD1C44D25550316002FAFE7 /* KazemaGlobalUITests.xctest */;
			productType = "com.apple.product-type.bundle.ui-testing";
		};
/* End PBXNativeTarget section */

/* Begin PBXProject section */
		4DD1C421255502F5002FAFE7 /* Project object */ = {
			isa = PBXProject;
			attributes = {
				LastSwiftUpdateCheck = 1130;
				LastUpgradeCheck = 1130;
				ORGANIZATIONNAME = "Chitra S R";
				TargetAttributes = {
					4DD1C428255502F6002FAFE7 = {
						CreatedOnToolsVersion = 11.3.1;
					};
					4DD1C44125550316002FAFE7 = {
						CreatedOnToolsVersion = 11.3.1;
						TestTargetID = 4DD1C428255502F6002FAFE7;
					};
					4DD1C44C25550316002FAFE7 = {
						CreatedOnToolsVersion = 11.3.1;
						TestTargetID = 4DD1C428255502F6002FAFE7;
					};
				};
			};
			buildConfigurationList = 4DD1C424255502F5002FAFE7 /* Build configuration list for PBXProject "KazemaGlobal" */;
			compatibilityVersion = "Xcode 9.3";
			developmentRegion = en;
			hasScannedForEncodings = 0;
			knownRegions = (
				en,
				Base,
			);
			mainGroup = 4DD1C420255502F5002FAFE7;
			productRefGroup = 4DD1C42A255502F6002FAFE7 /* Products */;
			projectDirPath = "";
			projectRoot = "";
			targets = (
				4DD1C428255502F6002FAFE7 /* KazemaGlobal */,
				4DD1C44125550316002FAFE7 /* KazemaGlobalTests */,
				4DD1C44C25550316002FAFE7 /* KazemaGlobalUITests */,
			);
		};
/* End PBXProject section */

/* Begin PBXResourcesBuildPhase section */
		4DD1C427255502F6002FAFE7 /* Resources */ = {
			isa = PBXResourcesBuildPhase;
			buildActionMask = 2147483647;
			files = (
				4DD1C495255561AB002FAFE7 /* Poppins-Thin.ttf in Resources */,
				4DD1C498255561AB002FAFE7 /* Poppins-MediumItalic.ttf in Resources */,
				4DE36E1A255A77D900C74A52 /* Assets.xcassets in Resources */,
				4DD1C490255561AB002FAFE7 /* OFL.txt in Resources */,
				4DD1C488255561AB002FAFE7 /* Poppins-ExtraLightItalic.ttf in Resources */,
				4DD1C48F255561AB002FAFE7 /* Poppins-BlackItalic.ttf in Resources */,
				4DD1C486255561AB002FAFE7 /* Poppins-ExtraLight.ttf in Resources */,
				4DD1C496255561AB002FAFE7 /* Poppins-SemiBold.ttf in Resources */,
				4DD1C489255561AB002FAFE7 /* Poppins-BoldItalic.ttf in Resources */,
				4DD1C48A255561AB002FAFE7 /* Poppins-Light.ttf in Resources */,
				4DD1C494255561AB002FAFE7 /* Poppins-Black.ttf in Resources */,
				4DD1C497255561AB002FAFE7 /* Poppins-Italic.ttf in Resources */,
				4DD1C48E255561AB002FAFE7 /* Poppins-ExtraBold.ttf in Resources */,
				4DD1C492255561AB002FAFE7 /* Poppins-LightItalic.ttf in Resources */,
				4DD1C43C25550315002FAFE7 /* LaunchScreen.storyboard in Resources */,
				4DD1C48C255561AB002FAFE7 /* Poppins-SemiBoldItalic.ttf in Resources */,
				4DD1C491255561AB002FAFE7 /* Poppins-Regular.ttf in Resources */,
				4DD1C48D255561AB002FAFE7 /* Poppins-ExtraBoldItalic.ttf in Resources */,
				4DD1C493255561AB002FAFE7 /* Poppins-Bold.ttf in Resources */,
				4DEB0B2C256290C4007A5E88 /* GoogleService-Info.plist in Resources */,
				4DD1C487255561AB002FAFE7 /* Poppins-ThinItalic.ttf in Resources */,
				4DD1C48B255561AB002FAFE7 /* Poppins-Medium.ttf in Resources */,
				4DD1C434255502F6002FAFE7 /* Main.storyboard in Resources */,
			);
			runOnlyForDeploymentPostprocessing = 0;
		};
		4DD1C44025550316002FAFE7 /* Resources */ = {
			isa = PBXResourcesBuildPhase;
			buildActionMask = 2147483647;
			files = (
			);
			runOnlyForDeploymentPostprocessing = 0;
		};
		4DD1C44B25550316002FAFE7 /* Resources */ = {
			isa = PBXResourcesBuildPhase;
			buildActionMask = 2147483647;
			files = (
			);
			runOnlyForDeploymentPostprocessing = 0;
		};
/* End PBXResourcesBuildPhase section */

/* Begin PBXShellScriptBuildPhase section */
		3FB72CD43DB3DFB2682DCFE4 /* [CP] Check Pods Manifest.lock */ = {
			isa = PBXShellScriptBuildPhase;
			buildActionMask = 2147483647;
			files = (
			);
			inputFileListPaths = (
			);
			inputPaths = (
				"${PODS_PODFILE_DIR_PATH}/Podfile.lock",
				"${PODS_ROOT}/Manifest.lock",
			);
			name = "[CP] Check Pods Manifest.lock";
			outputFileListPaths = (
			);
			outputPaths = (
				"$(DERIVED_FILE_DIR)/Pods-KazemaGlobalUITests-checkManifestLockResult.txt",
			);
			runOnlyForDeploymentPostprocessing = 0;
			shellPath = /bin/sh;
			shellScript = "diff \"${PODS_PODFILE_DIR_PATH}/Podfile.lock\" \"${PODS_ROOT}/Manifest.lock\" > /dev/null\nif [ $? != 0 ] ; then\n    # print error to STDERR\n    echo \"error: The sandbox is not in sync with the Podfile.lock. Run 'pod install' or update your CocoaPods installation.\" >&2\n    exit 1\nfi\n# This output is used by Xcode 'outputs' to avoid re-running this script phase.\necho \"SUCCESS\" > \"${SCRIPT_OUTPUT_FILE_0}\"\n";
			showEnvVarsInLog = 0;
		};
		B47BF35E23A34C37EEAC932B /* [CP] Embed Pods Frameworks */ = {
			isa = PBXShellScriptBuildPhase;
			buildActionMask = 2147483647;
			files = (
			);
			inputFileListPaths = (
				"${PODS_ROOT}/Target Support Files/Pods-KazemaGlobal/Pods-KazemaGlobal-frameworks-${CONFIGURATION}-input-files.xcfilelist",
			);
			name = "[CP] Embed Pods Frameworks";
			outputFileListPaths = (
				"${PODS_ROOT}/Target Support Files/Pods-KazemaGlobal/Pods-KazemaGlobal-frameworks-${CONFIGURATION}-output-files.xcfilelist",
			);
			runOnlyForDeploymentPostprocessing = 0;
			shellPath = /bin/sh;
			shellScript = "\"${PODS_ROOT}/Target Support Files/Pods-KazemaGlobal/Pods-KazemaGlobal-frameworks.sh\"\n";
			showEnvVarsInLog = 0;
		};
		EB2D3222D306F28B0438C20C /* [CP] Check Pods Manifest.lock */ = {
			isa = PBXShellScriptBuildPhase;
			buildActionMask = 2147483647;
			files = (
			);
			inputFileListPaths = (
			);
			inputPaths = (
				"${PODS_PODFILE_DIR_PATH}/Podfile.lock",
				"${PODS_ROOT}/Manifest.lock",
			);
			name = "[CP] Check Pods Manifest.lock";
			outputFileListPaths = (
			);
			outputPaths = (
				"$(DERIVED_FILE_DIR)/Pods-KazemaGlobal-checkManifestLockResult.txt",
			);
			runOnlyForDeploymentPostprocessing = 0;
			shellPath = /bin/sh;
			shellScript = "diff \"${PODS_PODFILE_DIR_PATH}/Podfile.lock\" \"${PODS_ROOT}/Manifest.lock\" > /dev/null\nif [ $? != 0 ] ; then\n    # print error to STDERR\n    echo \"error: The sandbox is not in sync with the Podfile.lock. Run 'pod install' or update your CocoaPods installation.\" >&2\n    exit 1\nfi\n# This output is used by Xcode 'outputs' to avoid re-running this script phase.\necho \"SUCCESS\" > \"${SCRIPT_OUTPUT_FILE_0}\"\n";
			showEnvVarsInLog = 0;
		};
		F5910C809BA7278A2CA3FDB7 /* [CP] Check Pods Manifest.lock */ = {
			isa = PBXShellScriptBuildPhase;
			buildActionMask = 2147483647;
			files = (
			);
			inputFileListPaths = (
			);
			inputPaths = (
				"${PODS_PODFILE_DIR_PATH}/Podfile.lock",
				"${PODS_ROOT}/Manifest.lock",
			);
			name = "[CP] Check Pods Manifest.lock";
			outputFileListPaths = (
			);
			outputPaths = (
				"$(DERIVED_FILE_DIR)/Pods-KazemaGlobalTests-checkManifestLockResult.txt",
			);
			runOnlyForDeploymentPostprocessing = 0;
			shellPath = /bin/sh;
			shellScript = "diff \"${PODS_PODFILE_DIR_PATH}/Podfile.lock\" \"${PODS_ROOT}/Manifest.lock\" > /dev/null\nif [ $? != 0 ] ; then\n    # print error to STDERR\n    echo \"error: The sandbox is not in sync with the Podfile.lock. Run 'pod install' or update your CocoaPods installation.\" >&2\n    exit 1\nfi\n# This output is used by Xcode 'outputs' to avoid re-running this script phase.\necho \"SUCCESS\" > \"${SCRIPT_OUTPUT_FILE_0}\"\n";
			showEnvVarsInLog = 0;
		};
/* End PBXShellScriptBuildPhase section */

/* Begin PBXSourcesBuildPhase section */
		4DD1C425255502F6002FAFE7 /* Sources */ = {
			isa = PBXSourcesBuildPhase;
			buildActionMask = 2147483647;
			files = (
				4DD67D9C2559809000E0F2E5 /* KGUpgradeProfileViewController.swift in Sources */,
				4DEB0B282562881E007A5E88 /* Constants.swift in Sources */,
				4DD1C46925553CDB002FAFE7 /* KGHomeCollectionViewCell.swift in Sources */,
				4DEB0B322562DA9F007A5E88 /* KGPhoneNumberViewController.swift in Sources */,
				4D7C4812255BBF4E00C59F28 /* KGDescriptionPageViewController.swift in Sources */,
				4DD67D9A2559019000E0F2E5 /* KGSideMenuTableViewController.swift in Sources */,
				4DD1C46E255548BF002FAFE7 /* CustomClass.swift in Sources */,
				4DEB0B2325628618007A5E88 /* ServiceManager.swift in Sources */,
				4DFB50B4255C2AB900A8273D /* KGSubDescriptionViewController.swift in Sources */,
				4D5AB7FC255D696300AC4B45 /* KGReviewViewController.swift in Sources */,
				4DFB50B6255C42E400A8273D /* KGEnquiryFormViewController.swift in Sources */,
				4DEB0B302562BE7B007A5E88 /* SendEnquiresBase.swift in Sources */,
				4D5D8937255ABE3100C9109E /* KGNotificationTableViewCell.swift in Sources */,
				4DD1C46B25553EE0002FAFE7 /* KGHomePageTableViewController.swift in Sources */,
				4DD1C42D255502F6002FAFE7 /* AppDelegate.swift in Sources */,
				4D1B60B5255D03210028F5D7 /* KGKleanSubDescriptionTableViewController.swift in Sources */,
				4DD1C42F255502F6002FAFE7 /* SceneDelegate.swift in Sources */,
				4D5D8930255AB33100C9109E /* KGNotificationViewController.swift in Sources */,
				4DE36E18255A543600C74A52 /* KGCleaningServiceViewController.swift in Sources */,
				4D5D8939255ADF9100C9109E /* KGKazemaMaintenanceServiceViewController.swift in Sources */,
				4DEB0B2A256288F8007A5E88 /* ApiService.swift in Sources */,
				4DD67D952558FF8700E0F2E5 /* KGHomeNavigationViewController.swift in Sources */,
				4DD1C49C25559190002FAFE7 /* ColumnFlowLayout.swift in Sources */,
				4DD1C437255502F6002FAFE7 /* KazemaGlobal.xcdatamodeld in Sources */,
				4DD1C49A255577EC002FAFE7 /* Extensions.swift in Sources */,
			);
			runOnlyForDeploymentPostprocessing = 0;
		};
		4DD1C43E25550316002FAFE7 /* Sources */ = {
			isa = PBXSourcesBuildPhase;
			buildActionMask = 2147483647;
			files = (
				4DD1C44725550316002FAFE7 /* KazemaGlobalTests.swift in Sources */,
			);
			runOnlyForDeploymentPostprocessing = 0;
		};
		4DD1C44925550316002FAFE7 /* Sources */ = {
			isa = PBXSourcesBuildPhase;
			buildActionMask = 2147483647;
			files = (
				4DD1C45225550316002FAFE7 /* KazemaGlobalUITests.swift in Sources */,
			);
			runOnlyForDeploymentPostprocessing = 0;
		};
/* End PBXSourcesBuildPhase section */

/* Begin PBXTargetDependency section */
		4DD1C44425550316002FAFE7 /* PBXTargetDependency */ = {
			isa = PBXTargetDependency;
			target = 4DD1C428255502F6002FAFE7 /* KazemaGlobal */;
			targetProxy = 4DD1C44325550316002FAFE7 /* PBXContainerItemProxy */;
		};
		4DD1C44F25550316002FAFE7 /* PBXTargetDependency */ = {
			isa = PBXTargetDependency;
			target = 4DD1C428255502F6002FAFE7 /* KazemaGlobal */;
			targetProxy = 4DD1C44E25550316002FAFE7 /* PBXContainerItemProxy */;
		};
/* End PBXTargetDependency section */

/* Begin PBXVariantGroup section */
		4DD1C432255502F6002FAFE7 /* Main.storyboard */ = {
			isa = PBXVariantGroup;
			children = (
				4DD1C433255502F6002FAFE7 /* Base */,
			);
			name = Main.storyboard;
			sourceTree = "<group>";
		};
		4DD1C43A25550315002FAFE7 /* LaunchScreen.storyboard */ = {
			isa = PBXVariantGroup;
			children = (
				4DD1C43B25550315002FAFE7 /* Base */,
			);
			name = LaunchScreen.storyboard;
			sourceTree = "<group>";
		};
/* End PBXVariantGroup section */

/* Begin XCBuildConfiguration section */
		4DD1C45425550316002FAFE7 /* Debug */ = {
			isa = XCBuildConfiguration;
			buildSettings = {
				ALWAYS_SEARCH_USER_PATHS = NO;
				CLANG_ANALYZER_NONNULL = YES;
				CLANG_ANALYZER_NUMBER_OBJECT_CONVERSION = YES_AGGRESSIVE;
				CLANG_CXX_LANGUAGE_STANDARD = "gnu++14";
				CLANG_CXX_LIBRARY = "libc++";
				CLANG_ENABLE_MODULES = YES;
				CLANG_ENABLE_OBJC_ARC = YES;
				CLANG_ENABLE_OBJC_WEAK = YES;
				CLANG_WARN_BLOCK_CAPTURE_AUTORELEASING = YES;
				CLANG_WARN_BOOL_CONVERSION = YES;
				CLANG_WARN_COMMA = YES;
				CLANG_WARN_CONSTANT_CONVERSION = YES;
				CLANG_WARN_DEPRECATED_OBJC_IMPLEMENTATIONS = YES;
				CLANG_WARN_DIRECT_OBJC_ISA_USAGE = YES_ERROR;
				CLANG_WARN_DOCUMENTATION_COMMENTS = YES;
				CLANG_WARN_EMPTY_BODY = YES;
				CLANG_WARN_ENUM_CONVERSION = YES;
				CLANG_WARN_INFINITE_RECURSION = YES;
				CLANG_WARN_INT_CONVERSION = YES;
				CLANG_WARN_NON_LITERAL_NULL_CONVERSION = YES;
				CLANG_WARN_OBJC_IMPLICIT_RETAIN_SELF = YES;
				CLANG_WARN_OBJC_LITERAL_CONVERSION = YES;
				CLANG_WARN_OBJC_ROOT_CLASS = YES_ERROR;
				CLANG_WARN_RANGE_LOOP_ANALYSIS = YES;
				CLANG_WARN_STRICT_PROTOTYPES = YES;
				CLANG_WARN_SUSPICIOUS_MOVE = YES;
				CLANG_WARN_UNGUARDED_AVAILABILITY = YES_AGGRESSIVE;
				CLANG_WARN_UNREACHABLE_CODE = YES;
				CLANG_WARN__DUPLICATE_METHOD_MATCH = YES;
				COPY_PHASE_STRIP = NO;
				DEBUG_INFORMATION_FORMAT = dwarf;
				ENABLE_STRICT_OBJC_MSGSEND = YES;
				ENABLE_TESTABILITY = YES;
				GCC_C_LANGUAGE_STANDARD = gnu11;
				GCC_DYNAMIC_NO_PIC = NO;
				GCC_NO_COMMON_BLOCKS = YES;
				GCC_OPTIMIZATION_LEVEL = 0;
				GCC_PREPROCESSOR_DEFINITIONS = (
					"DEBUG=1",
					"$(inherited)",
				);
				GCC_WARN_64_TO_32_BIT_CONVERSION = YES;
				GCC_WARN_ABOUT_RETURN_TYPE = YES_ERROR;
				GCC_WARN_UNDECLARED_SELECTOR = YES;
				GCC_WARN_UNINITIALIZED_AUTOS = YES_AGGRESSIVE;
				GCC_WARN_UNUSED_FUNCTION = YES;
				GCC_WARN_UNUSED_VARIABLE = YES;
				IPHONEOS_DEPLOYMENT_TARGET = 13.2;
				MTL_ENABLE_DEBUG_INFO = INCLUDE_SOURCE;
				MTL_FAST_MATH = YES;
				ONLY_ACTIVE_ARCH = YES;
				SDKROOT = iphoneos;
				SWIFT_ACTIVE_COMPILATION_CONDITIONS = DEBUG;
				SWIFT_OPTIMIZATION_LEVEL = "-Onone";
			};
			name = Debug;
		};
		4DD1C45525550316002FAFE7 /* Release */ = {
			isa = XCBuildConfiguration;
			buildSettings = {
				ALWAYS_SEARCH_USER_PATHS = NO;
				CLANG_ANALYZER_NONNULL = YES;
				CLANG_ANALYZER_NUMBER_OBJECT_CONVERSION = YES_AGGRESSIVE;
				CLANG_CXX_LANGUAGE_STANDARD = "gnu++14";
				CLANG_CXX_LIBRARY = "libc++";
				CLANG_ENABLE_MODULES = YES;
				CLANG_ENABLE_OBJC_ARC = YES;
				CLANG_ENABLE_OBJC_WEAK = YES;
				CLANG_WARN_BLOCK_CAPTURE_AUTORELEASING = YES;
				CLANG_WARN_BOOL_CONVERSION = YES;
				CLANG_WARN_COMMA = YES;
				CLANG_WARN_CONSTANT_CONVERSION = YES;
				CLANG_WARN_DEPRECATED_OBJC_IMPLEMENTATIONS = YES;
				CLANG_WARN_DIRECT_OBJC_ISA_USAGE = YES_ERROR;
				CLANG_WARN_DOCUMENTATION_COMMENTS = YES;
				CLANG_WARN_EMPTY_BODY = YES;
				CLANG_WARN_ENUM_CONVERSION = YES;
				CLANG_WARN_INFINITE_RECURSION = YES;
				CLANG_WARN_INT_CONVERSION = YES;
				CLANG_WARN_NON_LITERAL_NULL_CONVERSION = YES;
				CLANG_WARN_OBJC_IMPLICIT_RETAIN_SELF = YES;
				CLANG_WARN_OBJC_LITERAL_CONVERSION = YES;
				CLANG_WARN_OBJC_ROOT_CLASS = YES_ERROR;
				CLANG_WARN_RANGE_LOOP_ANALYSIS = YES;
				CLANG_WARN_STRICT_PROTOTYPES = YES;
				CLANG_WARN_SUSPICIOUS_MOVE = YES;
				CLANG_WARN_UNGUARDED_AVAILABILITY = YES_AGGRESSIVE;
				CLANG_WARN_UNREACHABLE_CODE = YES;
				CLANG_WARN__DUPLICATE_METHOD_MATCH = YES;
				COPY_PHASE_STRIP = NO;
				DEBUG_INFORMATION_FORMAT = "dwarf-with-dsym";
				ENABLE_NS_ASSERTIONS = NO;
				ENABLE_STRICT_OBJC_MSGSEND = YES;
				GCC_C_LANGUAGE_STANDARD = gnu11;
				GCC_NO_COMMON_BLOCKS = YES;
				GCC_WARN_64_TO_32_BIT_CONVERSION = YES;
				GCC_WARN_ABOUT_RETURN_TYPE = YES_ERROR;
				GCC_WARN_UNDECLARED_SELECTOR = YES;
				GCC_WARN_UNINITIALIZED_AUTOS = YES_AGGRESSIVE;
				GCC_WARN_UNUSED_FUNCTION = YES;
				GCC_WARN_UNUSED_VARIABLE = YES;
				IPHONEOS_DEPLOYMENT_TARGET = 13.2;
				MTL_ENABLE_DEBUG_INFO = NO;
				MTL_FAST_MATH = YES;
				SDKROOT = iphoneos;
				SWIFT_COMPILATION_MODE = wholemodule;
				SWIFT_OPTIMIZATION_LEVEL = "-O";
				VALIDATE_PRODUCT = YES;
			};
			name = Release;
		};
		4DD1C45725550316002FAFE7 /* Debug */ = {
			isa = XCBuildConfiguration;
			baseConfigurationReference = 980FA176FAC009924FE0C144 /* Pods-KazemaGlobal.debug.xcconfig */;
			buildSettings = {
				ASSETCATALOG_COMPILER_APPICON_NAME = AppIcon;
				CODE_SIGN_ENTITLEMENTS = KazemaGlobal/KazemaGlobal.entitlements;
				CODE_SIGN_IDENTITY = "iPhone Developer";
				CODE_SIGN_STYLE = Manual;
				DEVELOPMENT_TEAM = 23D9P95352;
				INFOPLIST_FILE = KazemaGlobal/Info.plist;
				LD_RUNPATH_SEARCH_PATHS = (
					"$(inherited)",
					"@executable_path/Frameworks",
				);
				PRODUCT_BUNDLE_IDENTIFIER = com.sics.kazemaglobal;
				PRODUCT_NAME = "$(TARGET_NAME)";
				PROVISIONING_PROFILE_SPECIFIER = KazemaGlobalDevelopment;
				SWIFT_VERSION = 5.0;
				TARGETED_DEVICE_FAMILY = "1,2";
			};
			name = Debug;
		};
		4DD1C45825550316002FAFE7 /* Release */ = {
			isa = XCBuildConfiguration;
			baseConfigurationReference = 04B973EA098B03BDA9594C47 /* Pods-KazemaGlobal.release.xcconfig */;
			buildSettings = {
				ASSETCATALOG_COMPILER_APPICON_NAME = AppIcon;
				CODE_SIGN_ENTITLEMENTS = KazemaGlobal/KazemaGlobal.entitlements;
				CODE_SIGN_IDENTITY = "iPhone Developer";
				CODE_SIGN_STYLE = Manual;
				DEVELOPMENT_TEAM = 23D9P95352;
				INFOPLIST_FILE = KazemaGlobal/Info.plist;
				LD_RUNPATH_SEARCH_PATHS = (
					"$(inherited)",
					"@executable_path/Frameworks",
				);
				PRODUCT_BUNDLE_IDENTIFIER = com.sics.kazemaglobal;
				PRODUCT_NAME = "$(TARGET_NAME)";
				PROVISIONING_PROFILE_SPECIFIER = KazemaGlobalDevelopment;
				SWIFT_VERSION = 5.0;
				TARGETED_DEVICE_FAMILY = "1,2";
			};
			name = Release;
		};
		4DD1C45A25550316002FAFE7 /* Debug */ = {
			isa = XCBuildConfiguration;
			baseConfigurationReference = 08EE72FA6B528A2FF249ED05 /* Pods-KazemaGlobalTests.debug.xcconfig */;
			buildSettings = {
				ALWAYS_EMBED_SWIFT_STANDARD_LIBRARIES = YES;
				BUNDLE_LOADER = "$(TEST_HOST)";
				CODE_SIGN_STYLE = Automatic;
				DEVELOPMENT_TEAM = 23D9P95352;
				INFOPLIST_FILE = KazemaGlobalTests/Info.plist;
				IPHONEOS_DEPLOYMENT_TARGET = 13.2;
				LD_RUNPATH_SEARCH_PATHS = (
					"$(inherited)",
					"@executable_path/Frameworks",
					"@loader_path/Frameworks",
				);
				PRODUCT_BUNDLE_IDENTIFIER = chitrasr.KazemaGlobalTests;
				PRODUCT_NAME = "$(TARGET_NAME)";
				SWIFT_VERSION = 5.0;
				TARGETED_DEVICE_FAMILY = "1,2";
				TEST_HOST = "$(BUILT_PRODUCTS_DIR)/KazemaGlobal.app/KazemaGlobal";
			};
			name = Debug;
		};
		4DD1C45B25550316002FAFE7 /* Release */ = {
			isa = XCBuildConfiguration;
			baseConfigurationReference = EA949D0AFDCDF3F7D835820C /* Pods-KazemaGlobalTests.release.xcconfig */;
			buildSettings = {
				ALWAYS_EMBED_SWIFT_STANDARD_LIBRARIES = YES;
				BUNDLE_LOADER = "$(TEST_HOST)";
				CODE_SIGN_STYLE = Automatic;
				DEVELOPMENT_TEAM = 23D9P95352;
				INFOPLIST_FILE = KazemaGlobalTests/Info.plist;
				IPHONEOS_DEPLOYMENT_TARGET = 13.2;
				LD_RUNPATH_SEARCH_PATHS = (
					"$(inherited)",
					"@executable_path/Frameworks",
					"@loader_path/Frameworks",
				);
				PRODUCT_BUNDLE_IDENTIFIER = chitrasr.KazemaGlobalTests;
				PRODUCT_NAME = "$(TARGET_NAME)";
				SWIFT_VERSION = 5.0;
				TARGETED_DEVICE_FAMILY = "1,2";
				TEST_HOST = "$(BUILT_PRODUCTS_DIR)/KazemaGlobal.app/KazemaGlobal";
			};
			name = Release;
		};
		4DD1C45D25550316002FAFE7 /* Debug */ = {
			isa = XCBuildConfiguration;
			baseConfigurationReference = 3C05883E86AA45ACF51A969A /* Pods-KazemaGlobalUITests.debug.xcconfig */;
			buildSettings = {
				ALWAYS_EMBED_SWIFT_STANDARD_LIBRARIES = YES;
				CODE_SIGN_STYLE = Automatic;
				DEVELOPMENT_TEAM = 23D9P95352;
				INFOPLIST_FILE = KazemaGlobalUITests/Info.plist;
				LD_RUNPATH_SEARCH_PATHS = (
					"$(inherited)",
					"@executable_path/Frameworks",
					"@loader_path/Frameworks",
				);
				PRODUCT_BUNDLE_IDENTIFIER = chitrasr.KazemaGlobalUITests;
				PRODUCT_NAME = "$(TARGET_NAME)";
				SWIFT_VERSION = 5.0;
				TARGETED_DEVICE_FAMILY = "1,2";
				TEST_TARGET_NAME = KazemaGlobal;
			};
			name = Debug;
		};
		4DD1C45E25550316002FAFE7 /* Release */ = {
			isa = XCBuildConfiguration;
			baseConfigurationReference = 723B408E86FAC3900D4BC307 /* Pods-KazemaGlobalUITests.release.xcconfig */;
			buildSettings = {
				ALWAYS_EMBED_SWIFT_STANDARD_LIBRARIES = YES;
				CODE_SIGN_STYLE = Automatic;
				DEVELOPMENT_TEAM = 23D9P95352;
				INFOPLIST_FILE = KazemaGlobalUITests/Info.plist;
				LD_RUNPATH_SEARCH_PATHS = (
					"$(inherited)",
					"@executable_path/Frameworks",
					"@loader_path/Frameworks",
				);
				PRODUCT_BUNDLE_IDENTIFIER = chitrasr.KazemaGlobalUITests;
				PRODUCT_NAME = "$(TARGET_NAME)";
				SWIFT_VERSION = 5.0;
				TARGETED_DEVICE_FAMILY = "1,2";
				TEST_TARGET_NAME = KazemaGlobal;
			};
			name = Release;
		};
/* End XCBuildConfiguration section */

/* Begin XCConfigurationList section */
		4DD1C424255502F5002FAFE7 /* Build configuration list for PBXProject "KazemaGlobal" */ = {
			isa = XCConfigurationList;
			buildConfigurations = (
				4DD1C45425550316002FAFE7 /* Debug */,
				4DD1C45525550316002FAFE7 /* Release */,
			);
			defaultConfigurationIsVisible = 0;
			defaultConfigurationName = Release;
		};
		4DD1C45625550316002FAFE7 /* Build configuration list for PBXNativeTarget "KazemaGlobal" */ = {
			isa = XCConfigurationList;
			buildConfigurations = (
				4DD1C45725550316002FAFE7 /* Debug */,
				4DD1C45825550316002FAFE7 /* Release */,
			);
			defaultConfigurationIsVisible = 0;
			defaultConfigurationName = Release;
		};
		4DD1C45925550316002FAFE7 /* Build configuration list for PBXNativeTarget "KazemaGlobalTests" */ = {
			isa = XCConfigurationList;
			buildConfigurations = (
				4DD1C45A25550316002FAFE7 /* Debug */,
				4DD1C45B25550316002FAFE7 /* Release */,
			);
			defaultConfigurationIsVisible = 0;
			defaultConfigurationName = Release;
		};
		4DD1C45C25550316002FAFE7 /* Build configuration list for PBXNativeTarget "KazemaGlobalUITests" */ = {
			isa = XCConfigurationList;
			buildConfigurations = (
				4DD1C45D25550316002FAFE7 /* Debug */,
				4DD1C45E25550316002FAFE7 /* Release */,
			);
			defaultConfigurationIsVisible = 0;
			defaultConfigurationName = Release;
		};
/* End XCConfigurationList section */

/* Begin XCVersionGroup section */
		4DD1C435255502F6002FAFE7 /* KazemaGlobal.xcdatamodeld */ = {
			isa = XCVersionGroup;
			children = (
				4DD1C436255502F6002FAFE7 /* KazemaGlobal.xcdatamodel */,
			);
			currentVersion = 4DD1C436255502F6002FAFE7 /* KazemaGlobal.xcdatamodel */;
			path = KazemaGlobal.xcdatamodeld;
			sourceTree = "<group>";
			versionGroupType = wrapper.xcdatamodel;
		};
/* End XCVersionGroup section */
	};
	rootObject = 4DD1C421255502F5002FAFE7 /* Project object */;
}
